
Microsoft Visual Studio Solution File, Format Version 11.00
# Visual Studio 2010
Project("{FAE04EC0-301F-11D3-BF4B-00C04F79EFBC}") = "SyncVideo", "SyncVideo\SyncVideo.csproj", "{192A3DC1-4720-4DAD-8B7E-8E9421CD1A25}"
EndProject
Global
	GlobalSection(SolutionConfigurationPlatforms) = preSolution
		Debug|x86 = Debug|x86
		Release|x86 = Release|x86
	EndGlobalSection
	GlobalSection(ProjectConfigurationPlatforms) = postSolution
		{192A3DC1-4720-4DAD-8B7E-8E9421CD1A25}.Debug|x86.ActiveCfg = Debug|x86
		{192A3DC1-4720-4DAD-8B7E-8E9421CD1A25}.Debug|x86.Build.0 = Debug|x86
		{192A3DC1-4720-4DAD-8B7E-8E9421CD1A25}.Release|x86.ActiveCfg = Release|x86
		{192A3DC1-4720-4DAD-8B7E-8E9421CD1A25}.Release|x86.Build.0 = Release|x86
	EndGlobalSection
	GlobalSection(SolutionProperties) = preSolution
		HideSolutionNode = FALSE
	EndGlobalSection
EndGlobal
